
Microsoft Visual Studio Solution File, Format Version 12.00
# Visual Studio Version 16
VisualStudioVersion = 16.0.31624.102
MinimumVisualStudioVersion = 10.0.40219.1
Project("{8BC9CEB8-8B4A-11D0-8D11-00A0C91BC942}") = "Project2", "Project2\Project2.vcxproj", "{B7BA434C-5DDE-481B-BE22-FC723AE44196}"
EndProject
Project("{8BC9CEB8-8B4A-11D0-8D11-00A0C91BC942}") = "Project3", "Project3\Project3.vcxproj", "{794C87B9-992D-4683-8218-9EF57D637E1B}"
EndProject
Project("{8BC9CEB8-8B4A-11D0-8D11-00A0C91BC942}") = "Project1", "Project1\Project1.vcxproj", "{5CFCA36B-08BE-4C31-B3CB-D738FD9E6D2B}"
EndProject
Global
	GlobalSection(SolutionConfigurationPlatforms) = preSolution
		Debug|x64 = Debug|x64
		Debug|x86 = Debug|x86
		Release|x64 = Release|x64
		Release|x86 = Release|x86
	EndGlobalSection
	GlobalSection(ProjectConfigurationPlatforms) = postSolution
		{B7BA434C-5DDE-481B-BE22-FC723AE44196}.Debug|x64.ActiveCfg = Debug|x64
		{B7BA434C-5DDE-481B-BE22-FC723AE44196}.Debug|x64.Build.0 = Debug|x64
		{B7BA434C-5DDE-481B-BE22-FC723AE44196}.Debug|x86.ActiveCfg = Debug|Win32
		{B7BA434C-5DDE-481B-BE22-FC723AE44196}.Debug|x86.Build.0 = Debug|Win32
		{B7BA434C-5DDE-481B-BE22-FC723AE44196}.Release|x64.ActiveCfg = Release|x64
		{B7BA434C-5DDE-481B-BE22-FC723AE44196}.Release|x64.Build.0 = Release|x64
		{B7BA434C-5DDE-481B-BE22-FC723AE44196}.Release|x86.ActiveCfg = Release|Win32
		{B7BA434C-5DDE-481B-BE22-FC723AE44196}.Release|x86.Build.0 = Release|Win32
		{794C87B9-992D-4683-8218-9EF57D637E1B}.Debug|x64.ActiveCfg = Debug|x64
		{794C87B9-992D-4683-8218-9EF57D637E1B}.Debug|x64.Build.0 = Debug|x64
		{794C87B9-992D-4683-8218-9EF57D637E1B}.Debug|x86.ActiveCfg = Debug|Win32
		{794C87B9-992D-4683-8218-9EF57D637E1B}.Debug|x86.Build.0 = Debug|Win32
		{794C87B9-992D-4683-8218-9EF57D637E1B}.Release|x64.ActiveCfg = Release|x64
		{794C87B9-992D-4683-8218-9EF57D637E1B}.Release|x64.Build.0 = Release|x64
		{794C87B9-992D-4683-8218-9EF57D637E1B}.Release|x86.ActiveCfg = Release|Win32
		{794C87B9-992D-4683-8218-9EF57D637E1B}.Release|x86.Build.0 = Release|Win32
		{5CFCA36B-08BE-4C31-B3CB-D738FD9E6D2B}.Debug|x64.ActiveCfg = Debug|x64
		{5CFCA36B-08BE-4C31-B3CB-D738FD9E6D2B}.Debug|x64.Build.0 = Debug|x64
		{5CFCA36B-08BE-4C31-B3CB-D738FD9E6D2B}.Debug|x86.ActiveCfg = Debug|Win32
		{5CFCA36B-08BE-4C31-B3CB-D738FD9E6D2B}.Debug|x86.Build.0 = Debug|Win32
		{5CFCA36B-08BE-4C31-B3CB-D738FD9E6D2B}.Release|x64.ActiveCfg = Release|x64
		{5CFCA36B-08BE-4C31-B3CB-D738FD9E6D2B}.Release|x64.Build.0 = Release|x64
		{5CFCA36B-08BE-4C31-B3CB-D738FD9E6D2B}.Release|x86.ActiveCfg = Release|Win32
		{5CFCA36B-08BE-4C31-B3CB-D738FD9E6D2B}.Release|x86.Build.0 = Release|Win32
	EndGlobalSection
	GlobalSection(SolutionProperties) = preSolution
		HideSolutionNode = FALSE
	EndGlobalSection
	GlobalSection(ExtensibilityGlobals) = postSolution
		SolutionGuid = {0C5FFCAA-C7C8-4E9C-B779-24A12D065174}
	EndGlobalSection
EndGlobal
